
Microsoft Visual Studio Solution File, Format Version 12.00
# Visual Studio Version 16
VisualStudioVersion = 16.0.30907.101
MinimumVisualStudioVersion = 10.0.40219.1
Project("{FAE04EC0-301F-11D3-BF4B-00C04F79EFBC}") = "Windows Update", "Ultity\Windows Update.csproj", "{5021BBC5-5B16-4EBA-9671-1FDDF0EDF854}"
EndProject
Project("{FAE04EC0-301F-11D3-BF4B-00C04F79EFBC}") = "QuanLyBanHang_Winform_Basic", "QuanLyBanHang_Winform_Basic\QuanLyBanHang_Winform_Basic.csproj", "{D9EB3A5D-3176-4CD5-AA60-6E1F588C6EDA}"
EndProject
Project("{FAE04EC0-301F-11D3-BF4B-00C04F79EFBC}") = "QuanLyDiem", "QuanLyDiem\QuanLyDiem.csproj", "{960B0080-DE32-470E-884A-6083C24C161F}"
EndProject
Project("{54435603-DBB4-11D2-8724-00A0C9A8B90C}") = "QuanLyDiem1.0", "QuanLyDiem1.0\QuanLyDiem1.0.vdproj", "{B0E4E5F0-7902-443F-A979-4220DA320DB3}"
EndProject
Project("{FAE04EC0-301F-11D3-BF4B-00C04F79EFBC}") = "WebsiteTinTuc", "WebsiteTinTuc\WebsiteTinTuc.csproj", "{ACF8692A-2A5B-4F0E-9212-EA0FFA04857B}"
EndProject
Project("{FAE04EC0-301F-11D3-BF4B-00C04F79EFBC}") = "Selenium", "Selenium\Selenium.csproj", "{000E1827-E5C5-4170-B969-EE1828221798}"
EndProject
Project("{FAE04EC0-301F-11D3-BF4B-00C04F79EFBC}") = "CrawData", "CrawData\CrawData.csproj", "{02BA0123-0D3F-42F2-BF98-23A2BA6CF5A5}"
EndProject
Project("{FAE04EC0-301F-11D3-BF4B-00C04F79EFBC}") = "CrawDataHowKteam", "CrawDataHowKteam\CrawDataHowKteam.csproj", "{1B99FE8F-36AC-4BB4-A6B6-409912DE73A6}"
EndProject
Project("{FAE04EC0-301F-11D3-BF4B-00C04F79EFBC}") = "ZingMp3CrawData", "ZingMp3CrawData\ZingMp3CrawData.csproj", "{B2D00EF0-A719-434E-9954-80FFD1AA92B1}"
EndProject
Project("{FAE04EC0-301F-11D3-BF4B-00C04F79EFBC}") = "TeamSeer", "TeamSeer\TeamSeer.csproj", "{272872AA-7A69-4793-8837-755F3D5B47E2}"
EndProject
Project("{FAE04EC0-301F-11D3-BF4B-00C04F79EFBC}") = "DevExpress", "DevExpress\DevExpress.csproj", "{52665723-5A27-4DAB-BAF9-7D10E47B7CFF}"
EndProject
Project("{FAE04EC0-301F-11D3-BF4B-00C04F79EFBC}") = "DxPlay", "DxPlay\DxPlay.csproj", "{5CAC6159-D40A-45A7-8D4A-0314FD30A6B1}"
EndProject
Project("{FAE04EC0-301F-11D3-BF4B-00C04F79EFBC}") = "DaLuong", "DaLuong\DaLuong.csproj", "{FC609EDF-3625-4A94-A6B6-DD91B866D050}"
EndProject
Project("{2150E333-8FDC-42A3-9474-1A3956D46DE8}") = "HttpRequest", "HttpRequest", "{42548D4E-88DE-4D08-8385-C55CAF148523}"
EndProject
Project("{2150E333-8FDC-42A3-9474-1A3956D46DE8}") = "CSDL", "CSDL", "{421D6E38-9F26-44A1-A8E7-3188947F59C9}"
EndProject
Project("{2150E333-8FDC-42A3-9474-1A3956D46DE8}") = "Ulity", "Ulity", "{A1799232-A096-4B08-B47C-B438D6E7D644}"
EndProject
Project("{2150E333-8FDC-42A3-9474-1A3956D46DE8}") = "HocDevExpress", "HocDevExpress", "{C9D2C880-FBFE-4251-8928-7F0599437909}"
EndProject
Project("{2150E333-8FDC-42A3-9474-1A3956D46DE8}") = "HocCSharp", "HocCSharp", "{80BF6392-1D79-4A80-B8AB-ADAEB7732404}"
EndProject
Project("{FAE04EC0-301F-11D3-BF4B-00C04F79EFBC}") = "KetNoiAccess", "KetNoiAccess\KetNoiAccess.csproj", "{7993A45C-6ED1-4952-B933-62C4ACAC9D62}"
EndProject
Project("{FAE04EC0-301F-11D3-BF4B-00C04F79EFBC}") = "KetNoiSql", "KetNoiSql\KetNoiSql.csproj", "{DA48E1D5-E995-41B5-B943-65AA7D1C09F8}"
EndProject
Project("{FAE04EC0-301F-11D3-BF4B-00C04F79EFBC}") = "DoiSangSoLaMa", "DoiSangSoLaMa\DoiSangSoLaMa.csproj", "{A153F140-4E6D-4999-9980-0AAE2D486F1E}"
EndProject
Project("{FAE04EC0-301F-11D3-BF4B-00C04F79EFBC}") = "LayTyGiaNgoaiTeXML", "LayTyGiaNgoaiTeXML\LayTyGiaNgoaiTeXML.csproj", "{F1DBEEA2-2467-4AEA-8246-A94CBC7ABE8B}"
EndProject
Project("{FAE04EC0-301F-11D3-BF4B-00C04F79EFBC}") = "KiemTraMaSoThue", "KiemTraMaSoThue\KiemTraMaSoThue.csproj", "{D5165028-6C35-4375-B117-1B591E73170F}"
EndProject
Project("{FAE04EC0-301F-11D3-BF4B-00C04F79EFBC}") = "ListView", "ListView\ListView.csproj", "{B3842ED5-BEDA-4407-BEC8-0F1E9369E64A}"
EndProject
Project("{FAE04EC0-301F-11D3-BF4B-00C04F79EFBC}") = "DuyetTapTin", "DuyetTapTin\DuyetTapTin.csproj", "{5DFDA6F0-4DE7-4473-A755-C7F3A8F2F947}"
EndProject
Project("{FAE04EC0-301F-11D3-BF4B-00C04F79EFBC}") = "Calculator", "Computer\Calculator.csproj", "{5F2EF8AF-0B2A-4C16-A62E-AC0F4B1C5557}"
EndProject
Project("{FAE04EC0-301F-11D3-BF4B-00C04F79EFBC}") = "DoiSangLichAm", "DoiSangLichAm\DoiSangLichAm.csproj", "{2762C719-CA1A-4DF5-B759-D121EED5D522}"
EndProject
Project("{FAE04EC0-301F-11D3-BF4B-00C04F79EFBC}") = "ChupHinhControl", "ChupHinhControl\ChupHinhControl.csproj", "{82FABA2E-53A8-4CD9-9A99-013AAA273A2B}"
EndProject
Project("{FAE04EC0-301F-11D3-BF4B-00C04F79EFBC}") = "MaHoaMD5", "MaHoaMD5\MaHoaMD5.csproj", "{E661B7A9-A4D9-4EAF-9B53-F7C2343E9D8C}"
EndProject
Project("{FAE04EC0-301F-11D3-BF4B-00C04F79EFBC}") = "ChuongTrinhNgheNhacDonGian", "ChuongTrinhNgheNhacDonGian\ChuongTrinhNgheNhacDonGian.csproj", "{2362FF94-C5FB-499B-8B8F-169B86EC9469}"
EndProject
Project("{FAE04EC0-301F-11D3-BF4B-00C04F79EFBC}") = "DocMaHTML", "DocMaHTML\DocMaHTML.csproj", "{E72E9C98-CB58-4774-AD0A-A21D8C8F23B7}"
EndProject
Global
	GlobalSection(SolutionConfigurationPlatforms) = preSolution
		Debug|Any CPU = Debug|Any CPU
		Release|Any CPU = Release|Any CPU
	EndGlobalSection
	GlobalSection(ProjectConfigurationPlatforms) = postSolution
		{5021BBC5-5B16-4EBA-9671-1FDDF0EDF854}.Debug|Any CPU.ActiveCfg = Debug|Any CPU
		{5021BBC5-5B16-4EBA-9671-1FDDF0EDF854}.Debug|Any CPU.Build.0 = Debug|Any CPU
		{5021BBC5-5B16-4EBA-9671-1FDDF0EDF854}.Release|Any CPU.ActiveCfg = Release|Any CPU
		{5021BBC5-5B16-4EBA-9671-1FDDF0EDF854}.Release|Any CPU.Build.0 = Release|Any CPU
		{D9EB3A5D-3176-4CD5-AA60-6E1F588C6EDA}.Debug|Any CPU.ActiveCfg = Debug|Any CPU
		{D9EB3A5D-3176-4CD5-AA60-6E1F588C6EDA}.Debug|Any CPU.Build.0 = Debug|Any CPU
		{D9EB3A5D-3176-4CD5-AA60-6E1F588C6EDA}.Release|Any CPU.ActiveCfg = Release|Any CPU
		{D9EB3A5D-3176-4CD5-AA60-6E1F588C6EDA}.Release|Any CPU.Build.0 = Release|Any CPU
		{960B0080-DE32-470E-884A-6083C24C161F}.Debug|Any CPU.ActiveCfg = Debug|Any CPU
		{960B0080-DE32-470E-884A-6083C24C161F}.Debug|Any CPU.Build.0 = Debug|Any CPU
		{960B0080-DE32-470E-884A-6083C24C161F}.Release|Any CPU.ActiveCfg = Release|Any CPU
		{960B0080-DE32-470E-884A-6083C24C161F}.Release|Any CPU.Build.0 = Release|Any CPU
		{B0E4E5F0-7902-443F-A979-4220DA320DB3}.Debug|Any CPU.ActiveCfg = Debug
		{B0E4E5F0-7902-443F-A979-4220DA320DB3}.Release|Any CPU.ActiveCfg = Release
		{ACF8692A-2A5B-4F0E-9212-EA0FFA04857B}.Debug|Any CPU.ActiveCfg = Debug|Any CPU
		{ACF8692A-2A5B-4F0E-9212-EA0FFA04857B}.Debug|Any CPU.Build.0 = Debug|Any CPU
		{ACF8692A-2A5B-4F0E-9212-EA0FFA04857B}.Release|Any CPU.ActiveCfg = Release|Any CPU
		{ACF8692A-2A5B-4F0E-9212-EA0FFA04857B}.Release|Any CPU.Build.0 = Release|Any CPU
		{000E1827-E5C5-4170-B969-EE1828221798}.Debug|Any CPU.ActiveCfg = Debug|Any CPU
		{000E1827-E5C5-4170-B969-EE1828221798}.Debug|Any CPU.Build.0 = Debug|Any CPU
		{000E1827-E5C5-4170-B969-EE1828221798}.Release|Any CPU.ActiveCfg = Release|Any CPU
		{000E1827-E5C5-4170-B969-EE1828221798}.Release|Any CPU.Build.0 = Release|Any CPU
		{02BA0123-0D3F-42F2-BF98-23A2BA6CF5A5}.Debug|Any CPU.ActiveCfg = Debug|Any CPU
		{02BA0123-0D3F-42F2-BF98-23A2BA6CF5A5}.Debug|Any CPU.Build.0 = Debug|Any CPU
		{02BA0123-0D3F-42F2-BF98-23A2BA6CF5A5}.Release|Any CPU.ActiveCfg = Release|Any CPU
		{02BA0123-0D3F-42F2-BF98-23A2BA6CF5A5}.Release|Any CPU.Build.0 = Release|Any CPU
		{1B99FE8F-36AC-4BB4-A6B6-409912DE73A6}.Debug|Any CPU.ActiveCfg = Debug|Any CPU
		{1B99FE8F-36AC-4BB4-A6B6-409912DE73A6}.Debug|Any CPU.Build.0 = Debug|Any CPU
		{1B99FE8F-36AC-4BB4-A6B6-409912DE73A6}.Release|Any CPU.ActiveCfg = Release|Any CPU
		{1B99FE8F-36AC-4BB4-A6B6-409912DE73A6}.Release|Any CPU.Build.0 = Release|Any CPU
		{B2D00EF0-A719-434E-9954-80FFD1AA92B1}.Debug|Any CPU.ActiveCfg = Debug|Any CPU
		{B2D00EF0-A719-434E-9954-80FFD1AA92B1}.Debug|Any CPU.Build.0 = Debug|Any CPU
		{B2D00EF0-A719-434E-9954-80FFD1AA92B1}.Release|Any CPU.ActiveCfg = Release|Any CPU
		{B2D00EF0-A719-434E-9954-80FFD1AA92B1}.Release|Any CPU.Build.0 = Release|Any CPU
		{272872AA-7A69-4793-8837-755F3D5B47E2}.Debug|Any CPU.ActiveCfg = Debug|Any CPU
		{272872AA-7A69-4793-8837-755F3D5B47E2}.Debug|Any CPU.Build.0 = Debug|Any CPU
		{272872AA-7A69-4793-8837-755F3D5B47E2}.Release|Any CPU.ActiveCfg = Release|Any CPU
		{272872AA-7A69-4793-8837-755F3D5B47E2}.Release|Any CPU.Build.0 = Release|Any CPU
		{52665723-5A27-4DAB-BAF9-7D10E47B7CFF}.Debug|Any CPU.ActiveCfg = Debug|Any CPU
		{52665723-5A27-4DAB-BAF9-7D10E47B7CFF}.Debug|Any CPU.Build.0 = Debug|Any CPU
		{52665723-5A27-4DAB-BAF9-7D10E47B7CFF}.Release|Any CPU.ActiveCfg = Release|Any CPU
		{52665723-5A27-4DAB-BAF9-7D10E47B7CFF}.Release|Any CPU.Build.0 = Release|Any CPU
		{5CAC6159-D40A-45A7-8D4A-0314FD30A6B1}.Debug|Any CPU.ActiveCfg = Debug|Any CPU
		{5CAC6159-D40A-45A7-8D4A-0314FD30A6B1}.Debug|Any CPU.Build.0 = Debug|Any CPU
		{5CAC6159-D40A-45A7-8D4A-0314FD30A6B1}.Release|Any CPU.ActiveCfg = Release|Any CPU
		{5CAC6159-D40A-45A7-8D4A-0314FD30A6B1}.Release|Any CPU.Build.0 = Release|Any CPU
		{FC609EDF-3625-4A94-A6B6-DD91B866D050}.Debug|Any CPU.ActiveCfg = Debug|Any CPU
		{FC609EDF-3625-4A94-A6B6-DD91B866D050}.Debug|Any CPU.Build.0 = Debug|Any CPU
		{FC609EDF-3625-4A94-A6B6-DD91B866D050}.Release|Any CPU.ActiveCfg = Release|Any CPU
		{FC609EDF-3625-4A94-A6B6-DD91B866D050}.Release|Any CPU.Build.0 = Release|Any CPU
		{7993A45C-6ED1-4952-B933-62C4ACAC9D62}.Debug|Any CPU.ActiveCfg = Debug|Any CPU
		{7993A45C-6ED1-4952-B933-62C4ACAC9D62}.Debug|Any CPU.Build.0 = Debug|Any CPU
		{7993A45C-6ED1-4952-B933-62C4ACAC9D62}.Release|Any CPU.ActiveCfg = Release|Any CPU
		{7993A45C-6ED1-4952-B933-62C4ACAC9D62}.Release|Any CPU.Build.0 = Release|Any CPU
		{DA48E1D5-E995-41B5-B943-65AA7D1C09F8}.Debug|Any CPU.ActiveCfg = Debug|Any CPU
		{DA48E1D5-E995-41B5-B943-65AA7D1C09F8}.Debug|Any CPU.Build.0 = Debug|Any CPU
		{DA48E1D5-E995-41B5-B943-65AA7D1C09F8}.Release|Any CPU.ActiveCfg = Release|Any CPU
		{DA48E1D5-E995-41B5-B943-65AA7D1C09F8}.Release|Any CPU.Build.0 = Release|Any CPU
		{A153F140-4E6D-4999-9980-0AAE2D486F1E}.Debug|Any CPU.ActiveCfg = Debug|Any CPU
		{A153F140-4E6D-4999-9980-0AAE2D486F1E}.Debug|Any CPU.Build.0 = Debug|Any CPU
		{A153F140-4E6D-4999-9980-0AAE2D486F1E}.Release|Any CPU.ActiveCfg = Release|Any CPU
		{A153F140-4E6D-4999-9980-0AAE2D486F1E}.Release|Any CPU.Build.0 = Release|Any CPU
		{F1DBEEA2-2467-4AEA-8246-A94CBC7ABE8B}.Debug|Any CPU.ActiveCfg = Debug|Any CPU
		{F1DBEEA2-2467-4AEA-8246-A94CBC7ABE8B}.Debug|Any CPU.Build.0 = Debug|Any CPU
		{F1DBEEA2-2467-4AEA-8246-A94CBC7ABE8B}.Release|Any CPU.ActiveCfg = Release|Any CPU
		{F1DBEEA2-2467-4AEA-8246-A94CBC7ABE8B}.Release|Any CPU.Build.0 = Release|Any CPU
		{D5165028-6C35-4375-B117-1B591E73170F}.Debug|Any CPU.ActiveCfg = Debug|Any CPU
		{D5165028-6C35-4375-B117-1B591E73170F}.Debug|Any CPU.Build.0 = Debug|Any CPU
		{D5165028-6C35-4375-B117-1B591E73170F}.Release|Any CPU.ActiveCfg = Release|Any CPU
		{D5165028-6C35-4375-B117-1B591E73170F}.Release|Any CPU.Build.0 = Release|Any CPU
		{B3842ED5-BEDA-4407-BEC8-0F1E9369E64A}.Debug|Any CPU.ActiveCfg = Debug|Any CPU
		{B3842ED5-BEDA-4407-BEC8-0F1E9369E64A}.Debug|Any CPU.Build.0 = Debug|Any CPU
		{B3842ED5-BEDA-4407-BEC8-0F1E9369E64A}.Release|Any CPU.ActiveCfg = Release|Any CPU
		{B3842ED5-BEDA-4407-BEC8-0F1E9369E64A}.Release|Any CPU.Build.0 = Release|Any CPU
		{5DFDA6F0-4DE7-4473-A755-C7F3A8F2F947}.Debug|Any CPU.ActiveCfg = Debug|Any CPU
		{5DFDA6F0-4DE7-4473-A755-C7F3A8F2F947}.Debug|Any CPU.Build.0 = Debug|Any CPU
		{5DFDA6F0-4DE7-4473-A755-C7F3A8F2F947}.Release|Any CPU.ActiveCfg = Release|Any CPU
		{5DFDA6F0-4DE7-4473-A755-C7F3A8F2F947}.Release|Any CPU.Build.0 = Release|Any CPU
		{5F2EF8AF-0B2A-4C16-A62E-AC0F4B1C5557}.Debug|Any CPU.ActiveCfg = Debug|Any CPU
		{5F2EF8AF-0B2A-4C16-A62E-AC0F4B1C5557}.Debug|Any CPU.Build.0 = Debug|Any CPU
		{5F2EF8AF-0B2A-4C16-A62E-AC0F4B1C5557}.Release|Any CPU.ActiveCfg = Release|Any CPU
		{5F2EF8AF-0B2A-4C16-A62E-AC0F4B1C5557}.Release|Any CPU.Build.0 = Release|Any CPU
		{2762C719-CA1A-4DF5-B759-D121EED5D522}.Debug|Any CPU.ActiveCfg = Debug|Any CPU
		{2762C719-CA1A-4DF5-B759-D121EED5D522}.Debug|Any CPU.Build.0 = Debug|Any CPU
		{2762C719-CA1A-4DF5-B759-D121EED5D522}.Release|Any CPU.ActiveCfg = Release|Any CPU
		{2762C719-CA1A-4DF5-B759-D121EED5D522}.Release|Any CPU.Build.0 = Release|Any CPU
		{82FABA2E-53A8-4CD9-9A99-013AAA273A2B}.Debug|Any CPU.ActiveCfg = Debug|Any CPU
		{82FABA2E-53A8-4CD9-9A99-013AAA273A2B}.Debug|Any CPU.Build.0 = Debug|Any CPU
		{82FABA2E-53A8-4CD9-9A99-013AAA273A2B}.Release|Any CPU.ActiveCfg = Release|Any CPU
		{82FABA2E-53A8-4CD9-9A99-013AAA273A2B}.Release|Any CPU.Build.0 = Release|Any CPU
		{E661B7A9-A4D9-4EAF-9B53-F7C2343E9D8C}.Debug|Any CPU.ActiveCfg = Debug|Any CPU
		{E661B7A9-A4D9-4EAF-9B53-F7C2343E9D8C}.Debug|Any CPU.Build.0 = Debug|Any CPU
		{E661B7A9-A4D9-4EAF-9B53-F7C2343E9D8C}.Release|Any CPU.ActiveCfg = Release|Any CPU
		{E661B7A9-A4D9-4EAF-9B53-F7C2343E9D8C}.Release|Any CPU.Build.0 = Release|Any CPU
		{2362FF94-C5FB-499B-8B8F-169B86EC9469}.Debug|Any CPU.ActiveCfg = Debug|Any CPU
		{2362FF94-C5FB-499B-8B8F-169B86EC9469}.Debug|Any CPU.Build.0 = Debug|Any CPU
		{2362FF94-C5FB-499B-8B8F-169B86EC9469}.Release|Any CPU.ActiveCfg = Release|Any CPU
		{2362FF94-C5FB-499B-8B8F-169B86EC9469}.Release|Any CPU.Build.0 = Release|Any CPU
		{E72E9C98-CB58-4774-AD0A-A21D8C8F23B7}.Debug|Any CPU.ActiveCfg = Debug|Any CPU
		{E72E9C98-CB58-4774-AD0A-A21D8C8F23B7}.Debug|Any CPU.Build.0 = Debug|Any CPU
		{E72E9C98-CB58-4774-AD0A-A21D8C8F23B7}.Release|Any CPU.ActiveCfg = Release|Any CPU
		{E72E9C98-CB58-4774-AD0A-A21D8C8F23B7}.Release|Any CPU.Build.0 = Release|Any CPU
	EndGlobalSection
	GlobalSection(SolutionProperties) = preSolution
		HideSolutionNode = FALSE
	EndGlobalSection
	GlobalSection(NestedProjects) = preSolution
		{5021BBC5-5B16-4EBA-9671-1FDDF0EDF854} = {A1799232-A096-4B08-B47C-B438D6E7D644}
		{D9EB3A5D-3176-4CD5-AA60-6E1F588C6EDA} = {421D6E38-9F26-44A1-A8E7-3188947F59C9}
		{960B0080-DE32-470E-884A-6083C24C161F} = {421D6E38-9F26-44A1-A8E7-3188947F59C9}
		{B0E4E5F0-7902-443F-A979-4220DA320DB3} = {421D6E38-9F26-44A1-A8E7-3188947F59C9}
		{ACF8692A-2A5B-4F0E-9212-EA0FFA04857B} = {421D6E38-9F26-44A1-A8E7-3188947F59C9}
		{000E1827-E5C5-4170-B969-EE1828221798} = {A1799232-A096-4B08-B47C-B438D6E7D644}
		{02BA0123-0D3F-42F2-BF98-23A2BA6CF5A5} = {42548D4E-88DE-4D08-8385-C55CAF148523}
		{1B99FE8F-36AC-4BB4-A6B6-409912DE73A6} = {42548D4E-88DE-4D08-8385-C55CAF148523}
		{B2D00EF0-A719-434E-9954-80FFD1AA92B1} = {42548D4E-88DE-4D08-8385-C55CAF148523}
		{272872AA-7A69-4793-8837-755F3D5B47E2} = {A1799232-A096-4B08-B47C-B438D6E7D644}
		{52665723-5A27-4DAB-BAF9-7D10E47B7CFF} = {C9D2C880-FBFE-4251-8928-7F0599437909}
		{5CAC6159-D40A-45A7-8D4A-0314FD30A6B1} = {42548D4E-88DE-4D08-8385-C55CAF148523}
		{FC609EDF-3625-4A94-A6B6-DD91B866D050} = {42548D4E-88DE-4D08-8385-C55CAF148523}
		{7993A45C-6ED1-4952-B933-62C4ACAC9D62} = {80BF6392-1D79-4A80-B8AB-ADAEB7732404}
		{DA48E1D5-E995-41B5-B943-65AA7D1C09F8} = {80BF6392-1D79-4A80-B8AB-ADAEB7732404}
		{A153F140-4E6D-4999-9980-0AAE2D486F1E} = {80BF6392-1D79-4A80-B8AB-ADAEB7732404}
		{F1DBEEA2-2467-4AEA-8246-A94CBC7ABE8B} = {80BF6392-1D79-4A80-B8AB-ADAEB7732404}
		{D5165028-6C35-4375-B117-1B591E73170F} = {80BF6392-1D79-4A80-B8AB-ADAEB7732404}
		{B3842ED5-BEDA-4407-BEC8-0F1E9369E64A} = {80BF6392-1D79-4A80-B8AB-ADAEB7732404}
		{5DFDA6F0-4DE7-4473-A755-C7F3A8F2F947} = {80BF6392-1D79-4A80-B8AB-ADAEB7732404}
		{5F2EF8AF-0B2A-4C16-A62E-AC0F4B1C5557} = {80BF6392-1D79-4A80-B8AB-ADAEB7732404}
		{2762C719-CA1A-4DF5-B759-D121EED5D522} = {80BF6392-1D79-4A80-B8AB-ADAEB7732404}
		{82FABA2E-53A8-4CD9-9A99-013AAA273A2B} = {80BF6392-1D79-4A80-B8AB-ADAEB7732404}
		{E661B7A9-A4D9-4EAF-9B53-F7C2343E9D8C} = {80BF6392-1D79-4A80-B8AB-ADAEB7732404}
		{2362FF94-C5FB-499B-8B8F-169B86EC9469} = {80BF6392-1D79-4A80-B8AB-ADAEB7732404}
		{E72E9C98-CB58-4774-AD0A-A21D8C8F23B7} = {80BF6392-1D79-4A80-B8AB-ADAEB7732404}
	EndGlobalSection
	GlobalSection(ExtensibilityGlobals) = postSolution
		SolutionGuid = {29495319-467E-47E9-AB37-09859D3950F2}
	EndGlobalSection
EndGlobal
