
Microsoft Visual Studio Solution File, Format Version 12.00
# Visual Studio Version 16
VisualStudioVersion = 16.0.30907.101
MinimumVisualStudioVersion = 10.0.40219.1
Project("{FAE04EC0-301F-11D3-BF4B-00C04F79EFBC}") = "Windows Update", "Ultity\Windows Update.csproj", "{5021BBC5-5B16-4EBA-9671-1FDDF0EDF854}"
EndProject
Project("{FAE04EC0-301F-11D3-BF4B-00C04F79EFBC}") = "QuanLyBanHang_Winform_Basic", "QuanLyBanHang_Winform_Basic\QuanLyBanHang_Winform_Basic.csproj", "{D9EB3A5D-3176-4CD5-AA60-6E1F588C6EDA}"
EndProject
Project("{FAE04EC0-301F-11D3-BF4B-00C04F79EFBC}") = "QuanLyDiem", "QuanLyDiem\QuanLyDiem.csproj", "{960B0080-DE32-470E-884A-6083C24C161F}"
EndProject
Project("{54435603-DBB4-11D2-8724-00A0C9A8B90C}") = "QuanLyDiem1.0", "QuanLyDiem1.0\QuanLyDiem1.0.vdproj", "{B0E4E5F0-7902-443F-A979-4220DA320DB3}"
EndProject
Project("{FAE04EC0-301F-11D3-BF4B-00C04F79EFBC}") = "WebsiteTinTuc", "WebsiteTinTuc\WebsiteTinTuc.csproj", "{ACF8692A-2A5B-4F0E-9212-EA0FFA04857B}"
EndProject
Global
	GlobalSection(SolutionConfigurationPlatforms) = preSolution
		Debug|Any CPU = Debug|Any CPU
		Release|Any CPU = Release|Any CPU
	EndGlobalSection
	GlobalSection(ProjectConfigurationPlatforms) = postSolution
		{5021BBC5-5B16-4EBA-9671-1FDDF0EDF854}.Debug|Any CPU.ActiveCfg = Debug|Any CPU
		{5021BBC5-5B16-4EBA-9671-1FDDF0EDF854}.Debug|Any CPU.Build.0 = Debug|Any CPU
		{5021BBC5-5B16-4EBA-9671-1FDDF0EDF854}.Release|Any CPU.ActiveCfg = Release|Any CPU
		{5021BBC5-5B16-4EBA-9671-1FDDF0EDF854}.Release|Any CPU.Build.0 = Release|Any CPU
		{D9EB3A5D-3176-4CD5-AA60-6E1F588C6EDA}.Debug|Any CPU.ActiveCfg = Debug|Any CPU
		{D9EB3A5D-3176-4CD5-AA60-6E1F588C6EDA}.Debug|Any CPU.Build.0 = Debug|Any CPU
		{D9EB3A5D-3176-4CD5-AA60-6E1F588C6EDA}.Release|Any CPU.ActiveCfg = Release|Any CPU
		{D9EB3A5D-3176-4CD5-AA60-6E1F588C6EDA}.Release|Any CPU.Build.0 = Release|Any CPU
		{960B0080-DE32-470E-884A-6083C24C161F}.Debug|Any CPU.ActiveCfg = Debug|Any CPU
		{960B0080-DE32-470E-884A-6083C24C161F}.Debug|Any CPU.Build.0 = Debug|Any CPU
		{960B0080-DE32-470E-884A-6083C24C161F}.Release|Any CPU.ActiveCfg = Release|Any CPU
		{960B0080-DE32-470E-884A-6083C24C161F}.Release|Any CPU.Build.0 = Release|Any CPU
		{B0E4E5F0-7902-443F-A979-4220DA320DB3}.Debug|Any CPU.ActiveCfg = Debug
		{B0E4E5F0-7902-443F-A979-4220DA320DB3}.Release|Any CPU.ActiveCfg = Release
		{ACF8692A-2A5B-4F0E-9212-EA0FFA04857B}.Debug|Any CPU.ActiveCfg = Debug|Any CPU
		{ACF8692A-2A5B-4F0E-9212-EA0FFA04857B}.Debug|Any CPU.Build.0 = Debug|Any CPU
		{ACF8692A-2A5B-4F0E-9212-EA0FFA04857B}.Release|Any CPU.ActiveCfg = Release|Any CPU
		{ACF8692A-2A5B-4F0E-9212-EA0FFA04857B}.Release|Any CPU.Build.0 = Release|Any CPU
	EndGlobalSection
	GlobalSection(SolutionProperties) = preSolution
		HideSolutionNode = FALSE
	EndGlobalSection
	GlobalSection(ExtensibilityGlobals) = postSolution
		SolutionGuid = {29495319-467E-47E9-AB37-09859D3950F2}
	EndGlobalSection
EndGlobal
